Microsoft Visual Studio Solution File, Format Version 12.00
# Visual Studio Version 17
VisualStudioVersion = 17.5.2.0
MinimumVisualStudioVersion = 10.0.40219.1
Project("{FAE04EC0-301F-11D3-BF4B-00C04F79EFBC}") = "WorldClock", "WorldClock.csproj", "{30E6384A-E5CF-57D6-E190-DC6FC6323C58}"
EndProject
Project("{2150E333-8FDC-42A3-9474-1A3956D46DE8}") = "tests", "tests", "{963425AC-1F44-4044-BDD4-00E74E573EA1}"
EndProject
Project("{FAE04EC0-301F-11D3-BF4B-00C04F79EFBC}") = "WorldClock.Tests", "tests\WorldClock.Tests\WorldClock.Tests.csproj", "{2459A5EF-835A-4BFC-AA1E-75D74945D9A9}"
EndProject
Global
	GlobalSection(SolutionConfigurationPlatforms) = preSolution
		Debug|Any CPU = Debug|Any CPU
		Release|Any CPU = Release|Any CPU
	EndGlobalSection
	GlobalSection(ProjectConfigurationPlatforms) = postSolution
		{30E6384A-E5CF-57D6-E190-DC6FC6323C58}.Debug|Any CPU.ActiveCfg = Debug|Any CPU
		{30E6384A-E5CF-57D6-E190-DC6FC6323C58}.Debug|Any CPU.Build.0 = Debug|Any CPU
		{30E6384A-E5CF-57D6-E190-DC6FC6323C58}.Release|Any CPU.ActiveCfg = Release|Any CPU
		{30E6384A-E5CF-57D6-E190-DC6FC6323C58}.Release|Any CPU.Build.0 = Release|Any CPU
		{2459A5EF-835A-4BFC-AA1E-75D74945D9A9}.Debug|Any CPU.ActiveCfg = Debug|Any CPU
		{2459A5EF-835A-4BFC-AA1E-75D74945D9A9}.Debug|Any CPU.Build.0 = Debug|Any CPU
		{2459A5EF-835A-4BFC-AA1E-75D74945D9A9}.Release|Any CPU.ActiveCfg = Release|Any CPU
		{2459A5EF-835A-4BFC-AA1E-75D74945D9A9}.Release|Any CPU.Build.0 = Release|Any CPU
	EndGlobalSection
	GlobalSection(SolutionProperties) = preSolution
		HideSolutionNode = FALSE
	EndGlobalSection
	GlobalSection(ExtensibilityGlobals) = postSolution
		SolutionGuid = {41171DD6-DD6C-4458-ABDC-7C2E1B549FE0}
	EndGlobalSection
	GlobalSection(NestedProjects) = preSolution
		{2459A5EF-835A-4BFC-AA1E-75D74945D9A9} = {963425AC-1F44-4044-BDD4-00E74E573EA1}
	EndGlobalSection
EndGlobal
